
Microsoft Visual Studio Solution File, Format Version 12.00
# Visual Studio Version 17
VisualStudioVersion = 17.3.32929.385
MinimumVisualStudioVersion = 10.0.40219.1
Project("{FAE04EC0-301F-11D3-BF4B-00C04F79EFBC}") = "ConsoleApp1", "ConsoleApp1\ConsoleApp1.csproj", "{B79CD99C-F489-4172-9FBF-F0F02B5A9E37}"
EndProject
Global
	GlobalSection(SolutionConfigurationPlatforms) = preSolution
		Debug|Any CPU = Debug|Any CPU
		Release|Any CPU = Release|Any CPU
	EndGlobalSection
	GlobalSection(ProjectConfigurationPlatforms) = postSolution
		{B79CD99C-F489-4172-9FBF-F0F02B5A9E37}.Debug|Any CPU.ActiveCfg = Debug|Any CPU
		{B79CD99C-F489-4172-9FBF-F0F02B5A9E37}.Debug|Any CPU.Build.0 = Debug|Any CPU
		{B79CD99C-F489-4172-9FBF-F0F02B5A9E37}.Release|Any CPU.ActiveCfg = Release|Any CPU
		{B79CD99C-F489-4172-9FBF-F0F02B5A9E37}.Release|Any CPU.Build.0 = Release|Any CPU
	EndGlobalSection
	GlobalSection(SolutionProperties) = preSolution
		HideSolutionNode = FALSE
	EndGlobalSection
	GlobalSection(ExtensibilityGlobals) = postSolution
		SolutionGuid = {1F763648-649C-4D9F-9535-D6E772F068C2}
	EndGlobalSection
EndGlobal
